{
  "name": "lookingforred",
  "version": "1.0.0",
  "lockfileVersion": 1,
  "requires": true,
  "dependencies": {
    "@vant/weapp": {
      "version": "1.7.2",
      "resolved": "https://registry.npmjs.org/@vant/weapp/-/weapp-1.7.2.tgz",
      "integrity": "sha512-hI5tCJuzi1xDVpX8oP1GCBwpGHiu1+jA+9rMVggFwpF/6W6itk3Oggt3tT1nhN1WumcCwafnluBnqooOExFdDA=="
    },
    "mp-html": {
      "version": "2.1.5",
      "resolved": "https://registry.npmjs.org/mp-html/-/mp-html-2.1.5.tgz",
      "integrity": "sha512-Mxm6+a5fi9kNcTuDwf8t9fjU7b31t+VV2MEbFlzC1ovcZrTTjAi3KRTqXHTKfUWVzMYPd83EUitex1wgV6QJ4A=="
    }
  }
}
